
Microsoft Visual Studio Solution File, Format Version 12.00
# Visual Studio Version 16
VisualStudioVersion = 16.0.30204.135
MinimumVisualStudioVersion = 10.0.40219.1
Project("{8BC9CEB8-8B4A-11D0-8D11-00A0C91BC942}") = "Project1", "Project1.vcxproj", "{B58E23C8-75BD-408F-A6BE-E124C38E90BE}"
EndProject
Global
	GlobalSection(SolutionConfigurationPlatforms) = preSolution
		Debug|x64 = Debug|x64
		Debug|x86 = Debug|x86
		Release|x64 = Release|x64
		Release|x86 = Release|x86
	EndGlobalSection
	GlobalSection(ProjectConfigurationPlatforms) = postSolution
		{B58E23C8-75BD-408F-A6BE-E124C38E90BE}.Debug|x64.ActiveCfg = Debug|x64
		{B58E23C8-75BD-408F-A6BE-E124C38E90BE}.Debug|x64.Build.0 = Debug|x64
		{B58E23C8-75BD-408F-A6BE-E124C38E90BE}.Debug|x86.ActiveCfg = Debug|Win32
		{B58E23C8-75BD-408F-A6BE-E124C38E90BE}.Debug|x86.Build.0 = Debug|Win32
		{B58E23C8-75BD-408F-A6BE-E124C38E90BE}.Release|x64.ActiveCfg = Release|x64
		{B58E23C8-75BD-408F-A6BE-E124C38E90BE}.Release|x64.Build.0 = Release|x64
		{B58E23C8-75BD-408F-A6BE-E124C38E90BE}.Release|x86.ActiveCfg = Release|Win32
		{B58E23C8-75BD-408F-A6BE-E124C38E90BE}.Release|x86.Build.0 = Release|Win32
	EndGlobalSection
	GlobalSection(SolutionProperties) = preSolution
		HideSolutionNode = FALSE
	EndGlobalSection
	GlobalSection(ExtensibilityGlobals) = postSolution
		SolutionGuid = {D6AB3D75-E088-4ACA-9F4B-2B75085A3027}
	EndGlobalSection
EndGlobal
